
Microsoft Visual Studio Solution File, Format Version 12.00
# Visual Studio Version 16
VisualStudioVersion = 16.0.29123.88
MinimumVisualStudioVersion = 10.0.40219.1
Project("{9A19103F-16F7-4668-BE54-9A1E7A4F7556}") = "StudentExercisesMVC", "StudentExercisesMVC\StudentExercisesMVC.csproj", "{9238071E-C49D-4B95-BE61-AC17D5CE0C61}"
EndProject
Global
	GlobalSection(SolutionConfigurationPlatforms) = preSolution
		Debug|Any CPU = Debug|Any CPU
		Release|Any CPU = Release|Any CPU
	EndGlobalSection
	GlobalSection(ProjectConfigurationPlatforms) = postSolution
		{9238071E-C49D-4B95-BE61-AC17D5CE0C61}.Debug|Any CPU.ActiveCfg = Debug|Any CPU
		{9238071E-C49D-4B95-BE61-AC17D5CE0C61}.Debug|Any CPU.Build.0 = Debug|Any CPU
		{9238071E-C49D-4B95-BE61-AC17D5CE0C61}.Release|Any CPU.ActiveCfg = Release|Any CPU
		{9238071E-C49D-4B95-BE61-AC17D5CE0C61}.Release|Any CPU.Build.0 = Release|Any CPU
	EndGlobalSection
	GlobalSection(SolutionProperties) = preSolution
		HideSolutionNode = FALSE
	EndGlobalSection
	GlobalSection(ExtensibilityGlobals) = postSolution
		SolutionGuid = {0ACE833C-D00A-438C-8518-2CCDD23F18AF}
	EndGlobalSection
EndGlobal
